{
  "version": "5",
  "specifiers": {
    "jsr:@libs/diff@*": "3.0.1",
    "jsr:@std/cli@*": "1.0.22",
    "jsr:@std/fmt@*": "1.0.8",
    "jsr:@std/fs@*": "1.0.5",
    "jsr:@std/internal@^1.0.10": "1.0.10",
    "jsr:@std/path@*": "1.1.2",
    "jsr:@std/path@^1.0.7": "1.1.2"
  },
  "jsr": {
    "@libs/diff@3.0.1": {
      "integrity": "4293f08fc66af9c995eb6964316df29e1b4a4ecc53902e4439cc4e288101f6d4"
    },
    "@std/cli@1.0.22": {
      "integrity": "50d1e4f87887cb8a8afa29b88505ab5081188f5cad3985460c3b471fa49ff21a"
    },
    "@std/fmt@1.0.8": {
      "integrity": "71e1fc498787e4434d213647a6e43e794af4fd393ef8f52062246e06f7e372b7"
    },
    "@std/fs@1.0.5": {
      "integrity": "41806ad6823d0b5f275f9849a2640d87e4ef67c51ee1b8fb02426f55e02fd44e",
      "dependencies": [
        "jsr:@std/path@^1.0.7"
      ]
    },
    "@std/internal@1.0.10": {
      "integrity": "e3be62ce42cab0e177c27698e5d9800122f67b766a0bea6ca4867886cbde8cf7"
    },
    "@std/path@1.1.2": {
      "integrity": "c0b13b97dfe06546d5e16bf3966b1cadf92e1cc83e56ba5476ad8b498d9e3038",
      "dependencies": [
        "jsr:@std/internal"
      ]
    }
  },
  "workspace": {
    "dependencies": [
      "jsr:@libs/diff@^3.0.1",
      "jsr:@std/assert@1",
      "jsr:@std/cli@^1.0.22",
      "jsr:@std/path@^1.1.2"
    ]
  }
}
